// !$*UTF8*$!
{
	archiveVersion = 1;
	classes = {
	};
	objectVersion = 51;
	objects = {

/* Begin PBXBuildFile section */
		30259F19F1B5702D860AFD68 /* Pods_SnapaskHomework1.framework in Frameworks */ = {isa = PBXBuildFile; fileRef = 1880080794DC6D12363A277D /* Pods_SnapaskHomework1.framework */; };
		3D676132B1518E449456D3C0 /* Pods_SnapaskHomework1Tests.framework in Frameworks */ = {isa = PBXBuildFile; fileRef = 88303A0A132C3BFF68492896 /* Pods_SnapaskHomework1Tests.framework */; };
		509D3CDF2684B01C00F9D8ED /* AppDelegate.swift in Sources */ = {isa = PBXBuildFile; fileRef = 509D3CDE2684B01C00F9D8ED /* AppDelegate.swift */; };
		509D3CE12684B01C00F9D8ED /* SceneDelegate.swift in Sources */ = {isa = PBXBuildFile; fileRef = 509D3CE02684B01C00F9D8ED /* SceneDelegate.swift */; };
		509D3CE82684B01C00F9D8ED /* Assets.xcassets in Resources */ = {isa = PBXBuildFile; fileRef = 509D3CE72684B01C00F9D8ED /* Assets.xcassets */; };
		509D3CEB2684B01C00F9D8ED /* LaunchScreen.storyboard in Resources */ = {isa = PBXBuildFile; fileRef = 509D3CE92684B01C00F9D8ED /* LaunchScreen.storyboard */; };
		509D3D012684B01C00F9D8ED /* SnapaskHomework1UITests.swift in Sources */ = {isa = PBXBuildFile; fileRef = 509D3D002684B01C00F9D8ED /* SnapaskHomework1UITests.swift */; };
		509D3D322684B27C00F9D8ED /* UserInfo.swift in Sources */ = {isa = PBXBuildFile; fileRef = 509D3D292684B27C00F9D8ED /* UserInfo.swift */; };
		509D3D332684B27C00F9D8ED /* UserInfoDetail.swift in Sources */ = {isa = PBXBuildFile; fileRef = 509D3D2A2684B27C00F9D8ED /* UserInfoDetail.swift */; };
		509D3D342684B27C00F9D8ED /* StubbingConstructor.swift in Sources */ = {isa = PBXBuildFile; fileRef = 509D3D2B2684B27C00F9D8ED /* StubbingConstructor.swift */; };
		509D3D352684B27C00F9D8ED /* SnapaskTargetType.swift in Sources */ = {isa = PBXBuildFile; fileRef = 509D3D2C2684B27C00F9D8ED /* SnapaskTargetType.swift */; };
		509D3D362684B27C00F9D8ED /* SnapaskProvider.swift in Sources */ = {isa = PBXBuildFile; fileRef = 509D3D2D2684B27C00F9D8ED /* SnapaskProvider.swift */; };
		509D3D372684B27C00F9D8ED /* EndPoints.swift in Sources */ = {isa = PBXBuildFile; fileRef = 509D3D2F2684B27C00F9D8ED /* EndPoints.swift */; };
		509D3D382684B27C00F9D8ED /* GitHubUserApi.swift in Sources */ = {isa = PBXBuildFile; fileRef = 509D3D302684B27C00F9D8ED /* GitHubUserApi.swift */; };
		509D3D392684B27C00F9D8ED /* GitHubUserListApi.swift in Sources */ = {isa = PBXBuildFile; fileRef = 509D3D312684B27C00F9D8ED /* GitHubUserListApi.swift */; };
		509D3D612684B4AB00F9D8ED /* Porgressmanager.swift in Sources */ = {isa = PBXBuildFile; fileRef = 509D3D5A2684B4AB00F9D8ED /* Porgressmanager.swift */; };
		509D3D622684B4AB00F9D8ED /* AppManager.swift in Sources */ = {isa = PBXBuildFile; fileRef = 509D3D5C2684B4AB00F9D8ED /* AppManager.swift */; };
		509D3D632684B4AB00F9D8ED /* KeyChainManager.swift in Sources */ = {isa = PBXBuildFile; fileRef = 509D3D5E2684B4AB00F9D8ED /* KeyChainManager.swift */; };
		509D3D642684B4AB00F9D8ED /* GitHubAccessManager.swift in Sources */ = {isa = PBXBuildFile; fileRef = 509D3D602684B4AB00F9D8ED /* GitHubAccessManager.swift */; };
		509D3D682684B50600F9D8ED /* Injected.swift in Sources */ = {isa = PBXBuildFile; fileRef = 509D3D662684B50600F9D8ED /* Injected.swift */; };
		509D3D692684B50600F9D8ED /* DIContainer.swift in Sources */ = {isa = PBXBuildFile; fileRef = 509D3D672684B50600F9D8ED /* DIContainer.swift */; };
		509D3D7A2684B54C00F9D8ED /* LoginAuthViewController.swift in Sources */ = {isa = PBXBuildFile; fileRef = 509D3D6C2684B54C00F9D8ED /* LoginAuthViewController.swift */; };
		509D3D7B2684B54C00F9D8ED /* LoginAuthViewModel.swift in Sources */ = {isa = PBXBuildFile; fileRef = 509D3D6D2684B54C00F9D8ED /* LoginAuthViewModel.swift */; };
		509D3D7C2684B54C00F9D8ED /* UserListViewModel.swift in Sources */ = {isa = PBXBuildFile; fileRef = 509D3D6F2684B54C00F9D8ED /* UserListViewModel.swift */; };
		509D3D7D2684B54C00F9D8ED /* UserInfoTableViewCell.swift in Sources */ = {isa = PBXBuildFile; fileRef = 509D3D712684B54C00F9D8ED /* UserInfoTableViewCell.swift */; };
		509D3D7E2684B54C00F9D8ED /* UserListViewController.swift in Sources */ = {isa = PBXBuildFile; fileRef = 509D3D722684B54C00F9D8ED /* UserListViewController.swift */; };
		509D3D7F2684B54C00F9D8ED /* BaseViewController.swift in Sources */ = {isa = PBXBuildFile; fileRef = 509D3D742684B54C00F9D8ED /* BaseViewController.swift */; };
		509D3D802684B54C00F9D8ED /* UserInfoDetailViewController.swift in Sources */ = {isa = PBXBuildFile; fileRef = 509D3D762684B54C00F9D8ED /* UserInfoDetailViewController.swift */; };
		509D3D812684B54C00F9D8ED /* UserInfoDetailViewModel.swift in Sources */ = {isa = PBXBuildFile; fileRef = 509D3D772684B54C00F9D8ED /* UserInfoDetailViewModel.swift */; };
		509D3D822684B54C00F9D8ED /* UserInfoDetailView.swift in Sources */ = {isa = PBXBuildFile; fileRef = 509D3D792684B54C00F9D8ED /* UserInfoDetailView.swift */; };
		509D3D852684B63200F9D8ED /* SnapaskInfo.plist in Resources */ = {isa = PBXBuildFile; fileRef = 509D3D842684B63200F9D8ED /* SnapaskInfo.plist */; };
		509D3D882684B7D600F9D8ED /* AppManagerTests.swift in Sources */ = {isa = PBXBuildFile; fileRef = 509D3D862684B7D600F9D8ED /* AppManagerTests.swift */; };
		509D3D892684B7D600F9D8ED /* UserInfoDetailViewModelTests.swift in Sources */ = {isa = PBXBuildFile; fileRef = 509D3D872684B7D600F9D8ED /* UserInfoDetailViewModelTests.swift */; };
		50C825072684BBC500A40C19 /* CodableExtension.swift in Sources */ = {isa = PBXBuildFile; fileRef = 50C825062684BBC500A40C19 /* CodableExtension.swift */; };
		723A48760B96696A3271C10C /* Pods_SnapaskHomework1_SnapaskHomework1UITests.framework in Frameworks */ = {isa = PBXBuildFile; fileRef = B1D643F80CD72BF8E11D687F /* Pods_SnapaskHomework1_SnapaskHomework1UITests.framework */; };
/* End PBXBuildFile section */

/* Begin PBXContainerItemProxy section */
		509D3CF22684B01C00F9D8ED /* PBXContainerItemProxy */ = {
			isa = PBXContainerItemProxy;
			containerPortal = 509D3CD32684B01C00F9D8ED /* Project object */;
			proxyType = 1;
			remoteGlobalIDString = 509D3CDA2684B01C00F9D8ED;
			remoteInfo = SnapaskHomework1;
		};
		509D3CFD2684B01C00F9D8ED /* PBXContainerItemProxy */ = {
			isa = PBXContainerItemProxy;
			containerPortal = 509D3CD32684B01C00F9D8ED /* Project object */;
			proxyType = 1;
			remoteGlobalIDString = 509D3CDA2684B01C00F9D8ED;
			remoteInfo = SnapaskHomework1;
		};
/* End PBXContainerItemProxy section */

/* Begin PBXFileReference section */
		16E972F57AE340B0BB837797 /* Pods-SnapaskHomework1Tests.release.xcconfig */ = {isa = PBXFileReference; includeInIndex = 1; lastKnownFileType = text.xcconfig; name = "Pods-SnapaskHomework1Tests.release.xcconfig"; path = "Target Support Files/Pods-SnapaskHomework1Tests/Pods-SnapaskHomework1Tests.release.xcconfig"; sourceTree = "<group>"; };
		1880080794DC6D12363A277D /* Pods_SnapaskHomework1.framework */ = {isa = PBXFileReference; explicitFileType = wrapper.framework; includeInIndex = 0; path = Pods_SnapaskHomework1.framework; sourceTree = BUILT_PRODUCTS_DIR; };
		1F77BFE3CAAD9E9FCC904562 /* Pods-SnapaskHomework1.testing.xcconfig */ = {isa = PBXFileReference; includeInIndex = 1; lastKnownFileType = text.xcconfig; name = "Pods-SnapaskHomework1.testing.xcconfig"; path = "Target Support Files/Pods-SnapaskHomework1/Pods-SnapaskHomework1.testing.xcconfig"; sourceTree = "<group>"; };
		509D3CDB2684B01C00F9D8ED /* SnapaskHomework1.app */ = {isa = PBXFileReference; explicitFileType = wrapper.application; includeInIndex = 0; path = SnapaskHomework1.app; sourceTree = BUILT_PRODUCTS_DIR; };
		509D3CDE2684B01C00F9D8ED /* AppDelegate.swift */ = {isa = PBXFileReference; lastKnownFileType = sourcecode.swift; path = AppDelegate.swift; sourceTree = "<group>"; };
		509D3CE02684B01C00F9D8ED /* SceneDelegate.swift */ = {isa = PBXFileReference; lastKnownFileType = sourcecode.swift; path = SceneDelegate.swift; sourceTree = "<group>"; };
		509D3CE72684B01C00F9D8ED /* Assets.xcassets */ = {isa = PBXFileReference; lastKnownFileType = folder.assetcatalog; path = Assets.xcassets; sourceTree = "<group>"; };
		509D3CEA2684B01C00F9D8ED /* Base */ = {isa = PBXFileReference; lastKnownFileType = file.storyboard; name = Base; path = Base.lproj/LaunchScreen.storyboard; sourceTree = "<group>"; };
		509D3CEC2684B01C00F9D8ED /* Info.plist */ = {isa = PBXFileReference; lastKnownFileType = text.plist.xml; path = Info.plist; sourceTree = "<group>"; };
		509D3CF12684B01C00F9D8ED /* SnapaskHomework1Tests.xctest */ = {isa = PBXFileReference; explicitFileType = wrapper.cfbundle; includeInIndex = 0; path = SnapaskHomework1Tests.xctest; sourceTree = BUILT_PRODUCTS_DIR; };
		509D3CF72684B01C00F9D8ED /* Info.plist */ = {isa = PBXFileReference; lastKnownFileType = text.plist.xml; path = Info.plist; sourceTree = "<group>"; };
		509D3CFC2684B01C00F9D8ED /* SnapaskHomework1UITests.xctest */ = {isa = PBXFileReference; explicitFileType = wrapper.cfbundle; includeInIndex = 0; path = SnapaskHomework1UITests.xctest; sourceTree = BUILT_PRODUCTS_DIR; };
		509D3D002684B01C00F9D8ED /* SnapaskHomework1UITests.swift */ = {isa = PBXFileReference; lastKnownFileType = sourcecode.swift; path = SnapaskHomework1UITests.swift; sourceTree = "<group>"; };
		509D3D022684B01C00F9D8ED /* Info.plist */ = {isa = PBXFileReference; lastKnownFileType = text.plist.xml; path = Info.plist; sourceTree = "<group>"; };
		509D3D292684B27C00F9D8ED /* UserInfo.swift */ = {isa = PBXFileReference; fileEncoding = 4; lastKnownFileType = sourcecode.swift; path = UserInfo.swift; sourceTree = "<group>"; };
		509D3D2A2684B27C00F9D8ED /* UserInfoDetail.swift */ = {isa = PBXFileReference; fileEncoding = 4; lastKnownFileType = sourcecode.swift; path = UserInfoDetail.swift; sourceTree = "<group>"; };
		509D3D2B2684B27C00F9D8ED /* StubbingConstructor.swift */ = {isa = PBXFileReference; fileEncoding = 4; lastKnownFileType = sourcecode.swift; path = StubbingConstructor.swift; sourceTree = "<group>"; };
		509D3D2C2684B27C00F9D8ED /* SnapaskTargetType.swift */ = {isa = PBXFileReference; fileEncoding = 4; lastKnownFileType = sourcecode.swift; path = SnapaskTargetType.swift; sourceTree = "<group>"; };
		509D3D2D2684B27C00F9D8ED /* SnapaskProvider.swift */ = {isa = PBXFileReference; fileEncoding = 4; lastKnownFileType = sourcecode.swift; path = SnapaskProvider.swift; sourceTree = "<group>"; };
		509D3D2F2684B27C00F9D8ED /* EndPoints.swift */ = {isa = PBXFileReference; fileEncoding = 4; lastKnownFileType = sourcecode.swift; path = EndPoints.swift; sourceTree = "<group>"; };
		509D3D302684B27C00F9D8ED /* GitHubUserApi.swift */ = {isa = PBXFileReference; fileEncoding = 4; lastKnownFileType = sourcecode.swift; path = GitHubUserApi.swift; sourceTree = "<group>"; };
		509D3D312684B27C00F9D8ED /* GitHubUserListApi.swift */ = {isa = PBXFileReference; fileEncoding = 4; lastKnownFileType = sourcecode.swift; path = GitHubUserListApi.swift; sourceTree = "<group>"; };
		509D3D5A2684B4AB00F9D8ED /* Porgressmanager.swift */ = {isa = PBXFileReference; fileEncoding = 4; lastKnownFileType = sourcecode.swift; path = Porgressmanager.swift; sourceTree = "<group>"; };
		509D3D5C2684B4AB00F9D8ED /* AppManager.swift */ = {isa = PBXFileReference; fileEncoding = 4; lastKnownFileType = sourcecode.swift; path = AppManager.swift; sourceTree = "<group>"; };
		509D3D5E2684B4AB00F9D8ED /* KeyChainManager.swift */ = {isa = PBXFileReference; fileEncoding = 4; lastKnownFileType = sourcecode.swift; path = KeyChainManager.swift; sourceTree = "<group>"; };
		509D3D602684B4AB00F9D8ED /* GitHubAccessManager.swift */ = {isa = PBXFileReference; fileEncoding = 4; lastKnownFileType = sourcecode.swift; path = GitHubAccessManager.swift; sourceTree = "<group>"; };
		509D3D662684B50600F9D8ED /* Injected.swift */ = {isa = PBXFileReference; fileEncoding = 4; lastKnownFileType = sourcecode.swift; path = Injected.swift; sourceTree = "<group>"; };
		509D3D672684B50600F9D8ED /* DIContainer.swift */ = {isa = PBXFileReference; fileEncoding = 4; lastKnownFileType = sourcecode.swift; path = DIContainer.swift; sourceTree = "<group>"; };
		509D3D6C2684B54C00F9D8ED /* LoginAuthViewController.swift */ = {isa = PBXFileReference; fileEncoding = 4; lastKnownFileType = sourcecode.swift; path = LoginAuthViewController.swift; sourceTree = "<group>"; };
		509D3D6D2684B54C00F9D8ED /* LoginAuthViewModel.swift */ = {isa = PBXFileReference; fileEncoding = 4; lastKnownFileType = sourcecode.swift; path = LoginAuthViewModel.swift; sourceTree = "<group>"; };
		509D3D6F2684B54C00F9D8ED /* UserListViewModel.swift */ = {isa = PBXFileReference; fileEncoding = 4; lastKnownFileType = sourcecode.swift; path = UserListViewModel.swift; sourceTree = "<group>"; };
		509D3D712684B54C00F9D8ED /* UserInfoTableViewCell.swift */ = {isa = PBXFileReference; fileEncoding = 4; lastKnownFileType = sourcecode.swift; path = UserInfoTableViewCell.swift; sourceTree = "<group>"; };
		509D3D722684B54C00F9D8ED /* UserListViewController.swift */ = {isa = PBXFileReference; fileEncoding = 4; lastKnownFileType = sourcecode.swift; path = UserListViewController.swift; sourceTree = "<group>"; };
		509D3D742684B54C00F9D8ED /* BaseViewController.swift */ = {isa = PBXFileReference; fileEncoding = 4; lastKnownFileType = sourcecode.swift; path = BaseViewController.swift; sourceTree = "<group>"; };
		509D3D762684B54C00F9D8ED /* UserInfoDetailViewController.swift */ = {isa = PBXFileReference; fileEncoding = 4; lastKnownFileType = sourcecode.swift; path = UserInfoDetailViewController.swift; sourceTree = "<group>"; };
		509D3D772684B54C00F9D8ED /* UserInfoDetailViewModel.swift */ = {isa = PBXFileReference; fileEncoding = 4; lastKnownFileType = sourcecode.swift; path = UserInfoDetailViewModel.swift; sourceTree = "<group>"; };
		509D3D792684B54C00F9D8ED /* UserInfoDetailView.swift */ = {isa = PBXFileReference; fileEncoding = 4; lastKnownFileType = sourcecode.swift; path = UserInfoDetailView.swift; sourceTree = "<group>"; };
		509D3D842684B63200F9D8ED /* SnapaskInfo.plist */ = {isa = PBXFileReference; fileEncoding = 4; lastKnownFileType = text.plist.xml; path = SnapaskInfo.plist; sourceTree = "<group>"; };
		509D3D862684B7D600F9D8ED /* AppManagerTests.swift */ = {isa = PBXFileReference; fileEncoding = 4; lastKnownFileType = sourcecode.swift; path = AppManagerTests.swift; sourceTree = "<group>"; };
		509D3D872684B7D600F9D8ED /* UserInfoDetailViewModelTests.swift */ = {isa = PBXFileReference; fileEncoding = 4; lastKnownFileType = sourcecode.swift; path = UserInfoDetailViewModelTests.swift; sourceTree = "<group>"; };
		50C825062684BBC500A40C19 /* CodableExtension.swift */ = {isa = PBXFileReference; fileEncoding = 4; lastKnownFileType = sourcecode.swift; path = CodableExtension.swift; sourceTree = "<group>"; };
		88303A0A132C3BFF68492896 /* Pods_SnapaskHomework1Tests.framework */ = {isa = PBXFileReference; explicitFileType = wrapper.framework; includeInIndex = 0; path = Pods_SnapaskHomework1Tests.framework; sourceTree = BUILT_PRODUCTS_DIR; };
		982697134C81E9A74FCAE833 /* Pods-SnapaskHomework1.debug.xcconfig */ = {isa = PBXFileReference; includeInIndex = 1; lastKnownFileType = text.xcconfig; name = "Pods-SnapaskHomework1.debug.xcconfig"; path = "Target Support Files/Pods-SnapaskHomework1/Pods-SnapaskHomework1.debug.xcconfig"; sourceTree = "<group>"; };
		B1D643F80CD72BF8E11D687F /* Pods_SnapaskHomework1_SnapaskHomework1UITests.framework */ = {isa = PBXFileReference; explicitFileType = wrapper.framework; includeInIndex = 0; path = Pods_SnapaskHomework1_SnapaskHomework1UITests.framework; sourceTree = BUILT_PRODUCTS_DIR; };
		D502003E091C69DEAA773C1B /* Pods-SnapaskHomework1-SnapaskHomework1UITests.release.xcconfig */ = {isa = PBXFileReference; includeInIndex = 1; lastKnownFileType = text.xcconfig; name = "Pods-SnapaskHomework1-SnapaskHomework1UITests.release.xcconfig"; path = "Target Support Files/Pods-SnapaskHomework1-SnapaskHomework1UITests/Pods-SnapaskHomework1-SnapaskHomework1UITests.release.xcconfig"; sourceTree = "<group>"; };
		D88757F48A8352AC6320FA80 /* Pods-SnapaskHomework1Tests.testing.xcconfig */ = {isa = PBXFileReference; includeInIndex = 1; lastKnownFileType = text.xcconfig; name = "Pods-SnapaskHomework1Tests.testing.xcconfig"; path = "Target Support Files/Pods-SnapaskHomework1Tests/Pods-SnapaskHomework1Tests.testing.xcconfig"; sourceTree = "<group>"; };
		E360ABEE58C4E4B0B7A4B432 /* Pods-SnapaskHomework1-SnapaskHomework1UITests.debug.xcconfig */ = {isa = PBXFileReference; includeInIndex = 1; lastKnownFileType = text.xcconfig; name = "Pods-SnapaskHomework1-SnapaskHomework1UITests.debug.xcconfig"; path = "Target Support Files/Pods-SnapaskHomework1-SnapaskHomework1UITests/Pods-SnapaskHomework1-SnapaskHomework1UITests.debug.xcconfig"; sourceTree = "<group>"; };
		EB5983B5C183499AD113C11C /* Pods-SnapaskHomework1.release.xcconfig */ = {isa = PBXFileReference; includeInIndex = 1; lastKnownFileType = text.xcconfig; name = "Pods-SnapaskHomework1.release.xcconfig"; path = "Target Support Files/Pods-SnapaskHomework1/Pods-SnapaskHomework1.release.xcconfig"; sourceTree = "<group>"; };
		FBFCC293A059AF03B6102DC7 /* Pods-SnapaskHomework1Tests.debug.xcconfig */ = {isa = PBXFileReference; includeInIndex = 1; lastKnownFileType = text.xcconfig; name = "Pods-SnapaskHomework1Tests.debug.xcconfig"; path = "Target Support Files/Pods-SnapaskHomework1Tests/Pods-SnapaskHomework1Tests.debug.xcconfig"; sourceTree = "<group>"; };
		FE7EDB0FE2024263233912A9 /* Pods-SnapaskHomework1-SnapaskHomework1UITests.testing.xcconfig */ = {isa = PBXFileReference; includeInIndex = 1; lastKnownFileType = text.xcconfig; name = "Pods-SnapaskHomework1-SnapaskHomework1UITests.testing.xcconfig"; path = "Target Support Files/Pods-SnapaskHomework1-SnapaskHomework1UITests/Pods-SnapaskHomework1-SnapaskHomework1UITests.testing.xcconfig"; sourceTree = "<group>"; };
/* End PBXFileReference section */

/* Begin PBXFrameworksBuildPhase section */
		509D3CD82684B01C00F9D8ED /* Frameworks */ = {
			isa = PBXFrameworksBuildPhase;
			buildActionMask = 2147483647;
			files = (
				30259F19F1B5702D860AFD68 /* Pods_SnapaskHomework1.framework in Frameworks */,
			);
			runOnlyForDeploymentPostprocessing = 0;
		};
		509D3CEE2684B01C00F9D8ED /* Frameworks */ = {
			isa = PBXFrameworksBuildPhase;
			buildActionMask = 2147483647;
			files = (
				3D676132B1518E449456D3C0 /* Pods_SnapaskHomework1Tests.framework in Frameworks */,
			);
			runOnlyForDeploymentPostprocessing = 0;
		};
		509D3CF92684B01C00F9D8ED /* Frameworks */ = {
			isa = PBXFrameworksBuildPhase;
			buildActionMask = 2147483647;
			files = (
				723A48760B96696A3271C10C /* Pods_SnapaskHomework1_SnapaskHomework1UITests.framework in Frameworks */,
			);
			runOnlyForDeploymentPostprocessing = 0;
		};
/* End PBXFrameworksBuildPhase section */

/* Begin PBXGroup section */
		509D3CD22684B01C00F9D8ED = {
			isa = PBXGroup;
			children = (
				509D3CDD2684B01C00F9D8ED /* SnapaskHomework1 */,
				509D3CF42684B01C00F9D8ED /* SnapaskHomework1Tests */,
				509D3CFF2684B01C00F9D8ED /* SnapaskHomework1UITests */,
				509D3CDC2684B01C00F9D8ED /* Products */,
				871E95FFF4F4A1F10900CCB6 /* Pods */,
				E75DF695752346666C6F1B1E /* Frameworks */,
			);
			sourceTree = "<group>";
		};
		509D3CDC2684B01C00F9D8ED /* Products */ = {
			isa = PBXGroup;
			children = (
				509D3CDB2684B01C00F9D8ED /* SnapaskHomework1.app */,
				509D3CF12684B01C00F9D8ED /* SnapaskHomework1Tests.xctest */,
				509D3CFC2684B01C00F9D8ED /* SnapaskHomework1UITests.xctest */,
			);
			name = Products;
			sourceTree = "<group>";
		};
		509D3CDD2684B01C00F9D8ED /* SnapaskHomework1 */ = {
			isa = PBXGroup;
			children = (
				509D3D592684B4AB00F9D8ED /* Manager */,
				509D3D832684B63200F9D8ED /* Config */,
				50C825052684BBC500A40C19 /* Extensions */,
				509D3D272684B27C00F9D8ED /* Network */,
				509D3D6A2684B54C00F9D8ED /* ViewControllers */,
				509D3D652684B50600F9D8ED /* Injected */,
				509D3CDE2684B01C00F9D8ED /* AppDelegate.swift */,
				509D3CE02684B01C00F9D8ED /* SceneDelegate.swift */,
				509D3CE72684B01C00F9D8ED /* Assets.xcassets */,
				509D3CE92684B01C00F9D8ED /* LaunchScreen.storyboard */,
				509D3CEC2684B01C00F9D8ED /* Info.plist */,
			);
			path = SnapaskHomework1;
			sourceTree = "<group>";
		};
		509D3CF42684B01C00F9D8ED /* SnapaskHomework1Tests */ = {
			isa = PBXGroup;
			children = (
				509D3D862684B7D600F9D8ED /* AppManagerTests.swift */,
				509D3D872684B7D600F9D8ED /* UserInfoDetailViewModelTests.swift */,
				509D3CF72684B01C00F9D8ED /* Info.plist */,
			);
			path = SnapaskHomework1Tests;
			sourceTree = "<group>";
		};
		509D3CFF2684B01C00F9D8ED /* SnapaskHomework1UITests */ = {
			isa = PBXGroup;
			children = (
				509D3D002684B01C00F9D8ED /* SnapaskHomework1UITests.swift */,
				509D3D022684B01C00F9D8ED /* Info.plist */,
			);
			path = SnapaskHomework1UITests;
			sourceTree = "<group>";
		};
		509D3D272684B27C00F9D8ED /* Network */ = {
			isa = PBXGroup;
			children = (
				509D3D282684B27C00F9D8ED /* DTO */,
				509D3D2B2684B27C00F9D8ED /* StubbingConstructor.swift */,
				509D3D2C2684B27C00F9D8ED /* SnapaskTargetType.swift */,
				509D3D2D2684B27C00F9D8ED /* SnapaskProvider.swift */,
				509D3D2E2684B27C00F9D8ED /* API */,
			);
			path = Network;
			sourceTree = "<group>";
		};
		509D3D282684B27C00F9D8ED /* DTO */ = {
			isa = PBXGroup;
			children = (
				509D3D292684B27C00F9D8ED /* UserInfo.swift */,
				509D3D2A2684B27C00F9D8ED /* UserInfoDetail.swift */,
			);
			path = DTO;
			sourceTree = "<group>";
		};
		509D3D2E2684B27C00F9D8ED /* API */ = {
			isa = PBXGroup;
			children = (
				509D3D2F2684B27C00F9D8ED /* EndPoints.swift */,
				509D3D302684B27C00F9D8ED /* GitHubUserApi.swift */,
				509D3D312684B27C00F9D8ED /* GitHubUserListApi.swift */,
			);
			path = API;
			sourceTree = "<group>";
		};
		509D3D592684B4AB00F9D8ED /* Manager */ = {
			isa = PBXGroup;
			children = (
				509D3D5A2684B4AB00F9D8ED /* Porgressmanager.swift */,
				509D3D5B2684B4AB00F9D8ED /* App */,
				509D3D5D2684B4AB00F9D8ED /* Storage */,
				509D3D5F2684B4AB00F9D8ED /* GitHubAccess */,
			);
			path = Manager;
			sourceTree = "<group>";
		};
		509D3D5B2684B4AB00F9D8ED /* App */ = {
			isa = PBXGroup;
			children = (
				509D3D5C2684B4AB00F9D8ED /* AppManager.swift */,
			);
			path = App;
			sourceTree = "<group>";
		};
		509D3D5D2684B4AB00F9D8ED /* Storage */ = {
			isa = PBXGroup;
			children = (
				509D3D5E2684B4AB00F9D8ED /* KeyChainManager.swift */,
			);
			path = Storage;
			sourceTree = "<group>";
		};
		509D3D5F2684B4AB00F9D8ED /* GitHubAccess */ = {
			isa = PBXGroup;
			children = (
				509D3D602684B4AB00F9D8ED /* GitHubAccessManager.swift */,
			);
			path = GitHubAccess;
			sourceTree = "<group>";
		};
		509D3D652684B50600F9D8ED /* Injected */ = {
			isa = PBXGroup;
			children = (
				509D3D662684B50600F9D8ED /* Injected.swift */,
				509D3D672684B50600F9D8ED /* DIContainer.swift */,
			);
			path = Injected;
			sourceTree = "<group>";
		};
		509D3D6A2684B54C00F9D8ED /* ViewControllers */ = {
			isa = PBXGroup;
			children = (
				509D3D732684B54C00F9D8ED /* Base */,
				509D3D6B2684B54C00F9D8ED /* LoginAuth */,
				509D3D6E2684B54C00F9D8ED /* UserList */,
				509D3D752684B54C00F9D8ED /* UserInfoDetail */,
			);
			path = ViewControllers;
			sourceTree = "<group>";
		};
		509D3D6B2684B54C00F9D8ED /* LoginAuth */ = {
			isa = PBXGroup;
			children = (
				509D3D6C2684B54C00F9D8ED /* LoginAuthViewController.swift */,
				509D3D6D2684B54C00F9D8ED /* LoginAuthViewModel.swift */,
			);
			path = LoginAuth;
			sourceTree = "<group>";
		};
		509D3D6E2684B54C00F9D8ED /* UserList */ = {
			isa = PBXGroup;
			children = (
				509D3D722684B54C00F9D8ED /* UserListViewController.swift */,
				509D3D6F2684B54C00F9D8ED /* UserListViewModel.swift */,
				509D3D702684B54C00F9D8ED /* View */,
			);
			path = UserList;
			sourceTree = "<group>";
		};
		509D3D702684B54C00F9D8ED /* View */ = {
			isa = PBXGroup;
			children = (
				509D3D712684B54C00F9D8ED /* UserInfoTableViewCell.swift */,
			);
			path = View;
			sourceTree = "<group>";
		};
		509D3D732684B54C00F9D8ED /* Base */ = {
			isa = PBXGroup;
			children = (
				509D3D742684B54C00F9D8ED /* BaseViewController.swift */,
			);
			path = Base;
			sourceTree = "<group>";
		};
		509D3D752684B54C00F9D8ED /* UserInfoDetail */ = {
			isa = PBXGroup;
			children = (
				509D3D762684B54C00F9D8ED /* UserInfoDetailViewController.swift */,
				509D3D772684B54C00F9D8ED /* UserInfoDetailViewModel.swift */,
				509D3D782684B54C00F9D8ED /* View */,
			);
			path = UserInfoDetail;
			sourceTree = "<group>";
		};
		509D3D782684B54C00F9D8ED /* View */ = {
			isa = PBXGroup;
			children = (
				509D3D792684B54C00F9D8ED /* UserInfoDetailView.swift */,
			);
			path = View;
			sourceTree = "<group>";
		};
		509D3D832684B63200F9D8ED /* Config */ = {
			isa = PBXGroup;
			children = (
				509D3D842684B63200F9D8ED /* SnapaskInfo.plist */,
			);
			path = Config;
			sourceTree = "<group>";
		};
		50C825052684BBC500A40C19 /* Extensions */ = {
			isa = PBXGroup;
			children = (
				50C825062684BBC500A40C19 /* CodableExtension.swift */,
			);
			path = Extensions;
			sourceTree = "<group>";
		};
		871E95FFF4F4A1F10900CCB6 /* Pods */ = {
			isa = PBXGroup;
			children = (
				982697134C81E9A74FCAE833 /* Pods-SnapaskHomework1.debug.xcconfig */,
				1F77BFE3CAAD9E9FCC904562 /* Pods-SnapaskHomework1.testing.xcconfig */,
				EB5983B5C183499AD113C11C /* Pods-SnapaskHomework1.release.xcconfig */,
				E360ABEE58C4E4B0B7A4B432 /* Pods-SnapaskHomework1-SnapaskHomework1UITests.debug.xcconfig */,
				FE7EDB0FE2024263233912A9 /* Pods-SnapaskHomework1-SnapaskHomework1UITests.testing.xcconfig */,
				D502003E091C69DEAA773C1B /* Pods-SnapaskHomework1-SnapaskHomework1UITests.release.xcconfig */,
				FBFCC293A059AF03B6102DC7 /* Pods-SnapaskHomework1Tests.debug.xcconfig */,
				D88757F48A8352AC6320FA80 /* Pods-SnapaskHomework1Tests.testing.xcconfig */,
				16E972F57AE340B0BB837797 /* Pods-SnapaskHomework1Tests.release.xcconfig */,
			);
			path = Pods;
			sourceTree = "<group>";
		};
		E75DF695752346666C6F1B1E /* Frameworks */ = {
			isa = PBXGroup;
			children = (
				1880080794DC6D12363A277D /* Pods_SnapaskHomework1.framework */,
				B1D643F80CD72BF8E11D687F /* Pods_SnapaskHomework1_SnapaskHomework1UITests.framework */,
				88303A0A132C3BFF68492896 /* Pods_SnapaskHomework1Tests.framework */,
			);
			name = Frameworks;
			sourceTree = "<group>";
		};
/* End PBXGroup section */

/* Begin PBXNativeTarget section */
		509D3CDA2684B01C00F9D8ED /* SnapaskHomework1 */ = {
			isa = PBXNativeTarget;
			buildConfigurationList = 509D3D052684B01C00F9D8ED /* Build configuration list for PBXNativeTarget "SnapaskHomework1" */;
			buildPhases = (
				EF8B7F74E561A4017A6D1A5A /* [CP] Check Pods Manifest.lock */,
				509D3CD72684B01C00F9D8ED /* Sources */,
				509D3CD82684B01C00F9D8ED /* Frameworks */,
				509D3CD92684B01C00F9D8ED /* Resources */,
				EF1091D19EF46980EE133DAF /* [CP] Embed Pods Frameworks */,
			);
			buildRules = (
			);
			dependencies = (
			);
			name = SnapaskHomework1;
			productName = SnapaskHomework1;
			productReference = 509D3CDB2684B01C00F9D8ED /* SnapaskHomework1.app */;
			productType = "com.apple.product-type.application";
		};
		509D3CF02684B01C00F9D8ED /* SnapaskHomework1Tests */ = {
			isa = PBXNativeTarget;
			buildConfigurationList = 509D3D082684B01C00F9D8ED /* Build configuration list for PBXNativeTarget "SnapaskHomework1Tests" */;
			buildPhases = (
				FF8474F855286FE494360811 /* [CP] Check Pods Manifest.lock */,
				509D3CED2684B01C00F9D8ED /* Sources */,
				509D3CEE2684B01C00F9D8ED /* Frameworks */,
				509D3CEF2684B01C00F9D8ED /* Resources */,
				8C213549BF9D6D799C2B25F9 /* [CP] Embed Pods Frameworks */,
			);
			buildRules = (
			);
			dependencies = (
				509D3CF32684B01C00F9D8ED /* PBXTargetDependency */,
			);
			name = SnapaskHomework1Tests;
			productName = SnapaskHomework1Tests;
			productReference = 509D3CF12684B01C00F9D8ED /* SnapaskHomework1Tests.xctest */;
			productType = "com.apple.product-type.bundle.unit-test";
		};
		509D3CFB2684B01C00F9D8ED /* SnapaskHomework1UITests */ = {
			isa = PBXNativeTarget;
			buildConfigurationList = 509D3D0B2684B01C00F9D8ED /* Build configuration list for PBXNativeTarget "SnapaskHomework1UITests" */;
			buildPhases = (
				2F8CC0438D76D6E7879EC53F /* [CP] Check Pods Manifest.lock */,
				509D3CF82684B01C00F9D8ED /* Sources */,
				509D3CF92684B01C00F9D8ED /* Frameworks */,
				509D3CFA2684B01C00F9D8ED /* Resources */,
				594D46A1BDD543B4B70BD473 /* [CP] Embed Pods Frameworks */,
			);
			buildRules = (
			);
			dependencies = (
				509D3CFE2684B01C00F9D8ED /* PBXTargetDependency */,
			);
			name = SnapaskHomework1UITests;
			productName = SnapaskHomework1UITests;
			productReference = 509D3CFC2684B01C00F9D8ED /* SnapaskHomework1UITests.xctest */;
			productType = "com.apple.product-type.bundle.ui-testing";
		};
/* End PBXNativeTarget section */

/* Begin PBXProject section */
		509D3CD32684B01C00F9D8ED /* Project object */ = {
			isa = PBXProject;
			attributes = {
				LastSwiftUpdateCheck = 1250;
				LastUpgradeCheck = 1250;
				TargetAttributes = {
					509D3CDA2684B01C00F9D8ED = {
						CreatedOnToolsVersion = 12.5;
					};
					509D3CF02684B01C00F9D8ED = {
						CreatedOnToolsVersion = 12.5;
						LastSwiftMigration = 1250;
						TestTargetID = 509D3CDA2684B01C00F9D8ED;
					};
					509D3CFB2684B01C00F9D8ED = {
						CreatedOnToolsVersion = 12.5;
						TestTargetID = 509D3CDA2684B01C00F9D8ED;
					};
				};
			};
			buildConfigurationList = 509D3CD62684B01C00F9D8ED /* Build configuration list for PBXProject "SnapaskHomework1" */;
			compatibilityVersion = "Xcode 9.3";
			developmentRegion = en;
			hasScannedForEncodings = 0;
			knownRegions = (
				en,
				Base,
			);
			mainGroup = 509D3CD22684B01C00F9D8ED;
			productRefGroup = 509D3CDC2684B01C00F9D8ED /* Products */;
			projectDirPath = "";
			projectRoot = "";
			targets = (
				509D3CDA2684B01C00F9D8ED /* SnapaskHomework1 */,
				509D3CF02684B01C00F9D8ED /* SnapaskHomework1Tests */,
				509D3CFB2684B01C00F9D8ED /* SnapaskHomework1UITests */,
			);
		};
/* End PBXProject section */

/* Begin PBXResourcesBuildPhase section */
		509D3CD92684B01C00F9D8ED /* Resources */ = {
			isa = PBXResourcesBuildPhase;
			buildActionMask = 2147483647;
			files = (
				509D3D852684B63200F9D8ED /* SnapaskInfo.plist in Resources */,
				509D3CEB2684B01C00F9D8ED /* LaunchScreen.storyboard in Resources */,
				509D3CE82684B01C00F9D8ED /* Assets.xcassets in Resources */,
			);
			runOnlyForDeploymentPostprocessing = 0;
		};
		509D3CEF2684B01C00F9D8ED /* Resources */ = {
			isa = PBXResourcesBuildPhase;
			buildActionMask = 2147483647;
			files = (
			);
			runOnlyForDeploymentPostprocessing = 0;
		};
		509D3CFA2684B01C00F9D8ED /* Resources */ = {
			isa = PBXResourcesBuildPhase;
			buildActionMask = 2147483647;
			files = (
			);
			runOnlyForDeploymentPostprocessing = 0;
		};
/* End PBXResourcesBuildPhase section */

/* Begin PBXShellScriptBuildPhase section */
		2F8CC0438D76D6E7879EC53F /* [CP] Check Pods Manifest.lock */ = {
			isa = PBXShellScriptBuildPhase;
			buildActionMask = 2147483647;
			files = (
			);
			inputFileListPaths = (
			);
			inputPaths = (
				"${PODS_PODFILE_DIR_PATH}/Podfile.lock",
				"${PODS_ROOT}/Manifest.lock",
			);
			name = "[CP] Check Pods Manifest.lock";
			outputFileListPaths = (
			);
			outputPaths = (
				"$(DERIVED_FILE_DIR)/Pods-SnapaskHomework1-SnapaskHomework1UITests-checkManifestLockResult.txt",
			);
			runOnlyForDeploymentPostprocessing = 0;
			shellPath = /bin/sh;
			shellScript = "diff \"${PODS_PODFILE_DIR_PATH}/Podfile.lock\" \"${PODS_ROOT}/Manifest.lock\" > /dev/null\nif [ $? != 0 ] ; then\n    # print error to STDERR\n    echo \"error: The sandbox is not in sync with the Podfile.lock. Run 'pod install' or update your CocoaPods installation.\" >&2\n    exit 1\nfi\n# This output is used by Xcode 'outputs' to avoid re-running this script phase.\necho \"SUCCESS\" > \"${SCRIPT_OUTPUT_FILE_0}\"\n";
			showEnvVarsInLog = 0;
		};
		594D46A1BDD543B4B70BD473 /* [CP] Embed Pods Frameworks */ = {
			isa = PBXShellScriptBuildPhase;
			buildActionMask = 2147483647;
			files = (
			);
			inputFileListPaths = (
				"${PODS_ROOT}/Target Support Files/Pods-SnapaskHomework1-SnapaskHomework1UITests/Pods-SnapaskHomework1-SnapaskHomework1UITests-frameworks-${CONFIGURATION}-input-files.xcfilelist",
			);
			name = "[CP] Embed Pods Frameworks";
			outputFileListPaths = (
				"${PODS_ROOT}/Target Support Files/Pods-SnapaskHomework1-SnapaskHomework1UITests/Pods-SnapaskHomework1-SnapaskHomework1UITests-frameworks-${CONFIGURATION}-output-files.xcfilelist",
			);
			runOnlyForDeploymentPostprocessing = 0;
			shellPath = /bin/sh;
			shellScript = "\"${PODS_ROOT}/Target Support Files/Pods-SnapaskHomework1-SnapaskHomework1UITests/Pods-SnapaskHomework1-SnapaskHomework1UITests-frameworks.sh\"\n";
			showEnvVarsInLog = 0;
		};
		8C213549BF9D6D799C2B25F9 /* [CP] Embed Pods Frameworks */ = {
			isa = PBXShellScriptBuildPhase;
			buildActionMask = 2147483647;
			files = (
			);
			inputFileListPaths = (
				"${PODS_ROOT}/Target Support Files/Pods-SnapaskHomework1Tests/Pods-SnapaskHomework1Tests-frameworks-${CONFIGURATION}-input-files.xcfilelist",
			);
			name = "[CP] Embed Pods Frameworks";
			outputFileListPaths = (
				"${PODS_ROOT}/Target Support Files/Pods-SnapaskHomework1Tests/Pods-SnapaskHomework1Tests-frameworks-${CONFIGURATION}-output-files.xcfilelist",
			);
			runOnlyForDeploymentPostprocessing = 0;
			shellPath = /bin/sh;
			shellScript = "\"${PODS_ROOT}/Target Support Files/Pods-SnapaskHomework1Tests/Pods-SnapaskHomework1Tests-frameworks.sh\"\n";
			showEnvVarsInLog = 0;
		};
		EF1091D19EF46980EE133DAF /* [CP] Embed Pods Frameworks */ = {
			isa = PBXShellScriptBuildPhase;
			buildActionMask = 2147483647;
			files = (
			);
			inputFileListPaths = (
				"${PODS_ROOT}/Target Support Files/Pods-SnapaskHomework1/Pods-SnapaskHomework1-frameworks-${CONFIGURATION}-input-files.xcfilelist",
			);
			name = "[CP] Embed Pods Frameworks";
			outputFileListPaths = (
				"${PODS_ROOT}/Target Support Files/Pods-SnapaskHomework1/Pods-SnapaskHomework1-frameworks-${CONFIGURATION}-output-files.xcfilelist",
			);
			runOnlyForDeploymentPostprocessing = 0;
			shellPath = /bin/sh;
			shellScript = "\"${PODS_ROOT}/Target Support Files/Pods-SnapaskHomework1/Pods-SnapaskHomework1-frameworks.sh\"\n";
			showEnvVarsInLog = 0;
		};
		EF8B7F74E561A4017A6D1A5A /* [CP] Check Pods Manifest.lock */ = {
			isa = PBXShellScriptBuildPhase;
			buildActionMask = 2147483647;
			files = (
			);
			inputFileListPaths = (
			);
			inputPaths = (
				"${PODS_PODFILE_DIR_PATH}/Podfile.lock",
				"${PODS_ROOT}/Manifest.lock",
			);
			name = "[CP] Check Pods Manifest.lock";
			outputFileListPaths = (
			);
			outputPaths = (
				"$(DERIVED_FILE_DIR)/Pods-SnapaskHomework1-checkManifestLockResult.txt",
			);
			runOnlyForDeploymentPostprocessing = 0;
			shellPath = /bin/sh;
			shellScript = "diff \"${PODS_PODFILE_DIR_PATH}/Podfile.lock\" \"${PODS_ROOT}/Manifest.lock\" > /dev/null\nif [ $? != 0 ] ; then\n    # print error to STDERR\n    echo \"error: The sandbox is not in sync with the Podfile.lock. Run 'pod install' or update your CocoaPods installation.\" >&2\n    exit 1\nfi\n# This output is used by Xcode 'outputs' to avoid re-running this script phase.\necho \"SUCCESS\" > \"${SCRIPT_OUTPUT_FILE_0}\"\n";
			showEnvVarsInLog = 0;
		};
		FF8474F855286FE494360811 /* [CP] Check Pods Manifest.lock */ = {
			isa = PBXShellScriptBuildPhase;
			buildActionMask = 2147483647;
			files = (
			);
			inputFileListPaths = (
			);
			inputPaths = (
				"${PODS_PODFILE_DIR_PATH}/Podfile.lock",
				"${PODS_ROOT}/Manifest.lock",
			);
			name = "[CP] Check Pods Manifest.lock";
			outputFileListPaths = (
			);
			outputPaths = (
				"$(DERIVED_FILE_DIR)/Pods-SnapaskHomework1Tests-checkManifestLockResult.txt",
			);
			runOnlyForDeploymentPostprocessing = 0;
			shellPath = /bin/sh;
			shellScript = "diff \"${PODS_PODFILE_DIR_PATH}/Podfile.lock\" \"${PODS_ROOT}/Manifest.lock\" > /dev/null\nif [ $? != 0 ] ; then\n    # print error to STDERR\n    echo \"error: The sandbox is not in sync with the Podfile.lock. Run 'pod install' or update your CocoaPods installation.\" >&2\n    exit 1\nfi\n# This output is used by Xcode 'outputs' to avoid re-running this script phase.\necho \"SUCCESS\" > \"${SCRIPT_OUTPUT_FILE_0}\"\n";
			showEnvVarsInLog = 0;
		};
/* End PBXShellScriptBuildPhase section */

/* Begin PBXSourcesBuildPhase section */
		509D3CD72684B01C00F9D8ED /* Sources */ = {
			isa = PBXSourcesBuildPhase;
			buildActionMask = 2147483647;
			files = (
				509D3D7E2684B54C00F9D8ED /* UserListViewController.swift in Sources */,
				50C825072684BBC500A40C19 /* CodableExtension.swift in Sources */,
				509D3D392684B27C00F9D8ED /* GitHubUserListApi.swift in Sources */,
				509D3D7F2684B54C00F9D8ED /* BaseViewController.swift in Sources */,
				509D3D7A2684B54C00F9D8ED /* LoginAuthViewController.swift in Sources */,
				509D3D812684B54C00F9D8ED /* UserInfoDetailViewModel.swift in Sources */,
				509D3D342684B27C00F9D8ED /* StubbingConstructor.swift in Sources */,
				509D3CDF2684B01C00F9D8ED /* AppDelegate.swift in Sources */,
				509D3D822684B54C00F9D8ED /* UserInfoDetailView.swift in Sources */,
				509D3D612684B4AB00F9D8ED /* Porgressmanager.swift in Sources */,
				509D3D692684B50600F9D8ED /* DIContainer.swift in Sources */,
				509D3D632684B4AB00F9D8ED /* KeyChainManager.swift in Sources */,
				509D3D382684B27C00F9D8ED /* GitHubUserApi.swift in Sources */,
				509D3D7D2684B54C00F9D8ED /* UserInfoTableViewCell.swift in Sources */,
				509D3D7C2684B54C00F9D8ED /* UserListViewModel.swift in Sources */,
				509D3D622684B4AB00F9D8ED /* AppManager.swift in Sources */,
				509D3D322684B27C00F9D8ED /* UserInfo.swift in Sources */,
				509D3D372684B27C00F9D8ED /* EndPoints.swift in Sources */,
				509D3D362684B27C00F9D8ED /* SnapaskProvider.swift in Sources */,
				509D3D642684B4AB00F9D8ED /* GitHubAccessManager.swift in Sources */,
				509D3D802684B54C00F9D8ED /* UserInfoDetailViewController.swift in Sources */,
				509D3D352684B27C00F9D8ED /* SnapaskTargetType.swift in Sources */,
				509D3D332684B27C00F9D8ED /* UserInfoDetail.swift in Sources */,
				509D3CE12684B01C00F9D8ED /* SceneDelegate.swift in Sources */,
				509D3D7B2684B54C00F9D8ED /* LoginAuthViewModel.swift in Sources */,
				509D3D682684B50600F9D8ED /* Injected.swift in Sources */,
			);
			runOnlyForDeploymentPostprocessing = 0;
		};
		509D3CED2684B01C00F9D8ED /* Sources */ = {
			isa = PBXSourcesBuildPhase;
			buildActionMask = 2147483647;
			files = (
				509D3D892684B7D600F9D8ED /* UserInfoDetailViewModelTests.swift in Sources */,
				509D3D882684B7D600F9D8ED /* AppManagerTests.swift in Sources */,
			);
			runOnlyForDeploymentPostprocessing = 0;
		};
		509D3CF82684B01C00F9D8ED /* Sources */ = {
			isa = PBXSourcesBuildPhase;
			buildActionMask = 2147483647;
			files = (
				509D3D012684B01C00F9D8ED /* SnapaskHomework1UITests.swift in Sources */,
			);
			runOnlyForDeploymentPostprocessing = 0;
		};
/* End PBXSourcesBuildPhase section */

/* Begin PBXTargetDependency section */
		509D3CF32684B01C00F9D8ED /* PBXTargetDependency */ = {
			isa = PBXTargetDependency;
			target = 509D3CDA2684B01C00F9D8ED /* SnapaskHomework1 */;
			targetProxy = 509D3CF22684B01C00F9D8ED /* PBXContainerItemProxy */;
		};
		509D3CFE2684B01C00F9D8ED /* PBXTargetDependency */ = {
			isa = PBXTargetDependency;
			target = 509D3CDA2684B01C00F9D8ED /* SnapaskHomework1 */;
			targetProxy = 509D3CFD2684B01C00F9D8ED /* PBXContainerItemProxy */;
		};
/* End PBXTargetDependency section */

/* Begin PBXVariantGroup section */
		509D3CE92684B01C00F9D8ED /* LaunchScreen.storyboard */ = {
			isa = PBXVariantGroup;
			children = (
				509D3CEA2684B01C00F9D8ED /* Base */,
			);
			name = LaunchScreen.storyboard;
			sourceTree = "<group>";
		};
/* End PBXVariantGroup section */

/* Begin XCBuildConfiguration section */
		509D3D032684B01C00F9D8ED /* Debug */ = {
			isa = XCBuildConfiguration;
			buildSettings = {
				ALWAYS_SEARCH_USER_PATHS = NO;
				CLANG_ANALYZER_NONNULL = YES;
				CLANG_ANALYZER_NUMBER_OBJECT_CONVERSION = YES_AGGRESSIVE;
				CLANG_CXX_LANGUAGE_STANDARD = "gnu++14";
				CLANG_CXX_LIBRARY = "libc++";
				CLANG_ENABLE_MODULES = YES;
				CLANG_ENABLE_OBJC_ARC = YES;
				CLANG_ENABLE_OBJC_WEAK = YES;
				CLANG_WARN_BLOCK_CAPTURE_AUTORELEASING = YES;
				CLANG_WARN_BOOL_CONVERSION = YES;
				CLANG_WARN_COMMA = YES;
				CLANG_WARN_CONSTANT_CONVERSION = YES;
				CLANG_WARN_DEPRECATED_OBJC_IMPLEMENTATIONS = YES;
				CLANG_WARN_DIRECT_OBJC_ISA_USAGE = YES_ERROR;
				CLANG_WARN_DOCUMENTATION_COMMENTS = YES;
				CLANG_WARN_EMPTY_BODY = YES;
				CLANG_WARN_ENUM_CONVERSION = YES;
				CLANG_WARN_INFINITE_RECURSION = YES;
				CLANG_WARN_INT_CONVERSION = YES;
				CLANG_WARN_NON_LITERAL_NULL_CONVERSION = YES;
				CLANG_WARN_OBJC_IMPLICIT_RETAIN_SELF = YES;
				CLANG_WARN_OBJC_LITERAL_CONVERSION = YES;
				CLANG_WARN_OBJC_ROOT_CLASS = YES_ERROR;
				CLANG_WARN_QUOTED_INCLUDE_IN_FRAMEWORK_HEADER = YES;
				CLANG_WARN_RANGE_LOOP_ANALYSIS = YES;
				CLANG_WARN_STRICT_PROTOTYPES = YES;
				CLANG_WARN_SUSPICIOUS_MOVE = YES;
				CLANG_WARN_UNGUARDED_AVAILABILITY = YES_AGGRESSIVE;
				CLANG_WARN_UNREACHABLE_CODE = YES;
				CLANG_WARN__DUPLICATE_METHOD_MATCH = YES;
				COPY_PHASE_STRIP = NO;
				DEBUG_INFORMATION_FORMAT = dwarf;
				ENABLE_STRICT_OBJC_MSGSEND = YES;
				ENABLE_TESTABILITY = YES;
				GCC_C_LANGUAGE_STANDARD = gnu11;
				GCC_DYNAMIC_NO_PIC = NO;
				GCC_NO_COMMON_BLOCKS = YES;
				GCC_OPTIMIZATION_LEVEL = 0;
				GCC_PREPROCESSOR_DEFINITIONS = (
					"DEBUG=1",
					"$(inherited)",
				);
				GCC_WARN_64_TO_32_BIT_CONVERSION = YES;
				GCC_WARN_ABOUT_RETURN_TYPE = YES_ERROR;
				GCC_WARN_UNDECLARED_SELECTOR = YES;
				GCC_WARN_UNINITIALIZED_AUTOS = YES_AGGRESSIVE;
				GCC_WARN_UNUSED_FUNCTION = YES;
				GCC_WARN_UNUSED_VARIABLE = YES;
				IPHONEOS_DEPLOYMENT_TARGET = 14.5;
				MTL_ENABLE_DEBUG_INFO = INCLUDE_SOURCE;
				MTL_FAST_MATH = YES;
				ONLY_ACTIVE_ARCH = YES;
				SDKROOT = iphoneos;
				SWIFT_ACTIVE_COMPILATION_CONDITIONS = DEBUG;
				SWIFT_OPTIMIZATION_LEVEL = "-Onone";
			};
			name = Debug;
		};
		509D3D042684B01C00F9D8ED /* Release */ = {
			isa = XCBuildConfiguration;
			buildSettings = {
				ALWAYS_SEARCH_USER_PATHS = NO;
				CLANG_ANALYZER_NONNULL = YES;
				CLANG_ANALYZER_NUMBER_OBJECT_CONVERSION = YES_AGGRESSIVE;
				CLANG_CXX_LANGUAGE_STANDARD = "gnu++14";
				CLANG_CXX_LIBRARY = "libc++";
				CLANG_ENABLE_MODULES = YES;
				CLANG_ENABLE_OBJC_ARC = YES;
				CLANG_ENABLE_OBJC_WEAK = YES;
				CLANG_WARN_BLOCK_CAPTURE_AUTORELEASING = YES;
				CLANG_WARN_BOOL_CONVERSION = YES;
				CLANG_WARN_COMMA = YES;
				CLANG_WARN_CONSTANT_CONVERSION = YES;
				CLANG_WARN_DEPRECATED_OBJC_IMPLEMENTATIONS = YES;
				CLANG_WARN_DIRECT_OBJC_ISA_USAGE = YES_ERROR;
				CLANG_WARN_DOCUMENTATION_COMMENTS = YES;
				CLANG_WARN_EMPTY_BODY = YES;
				CLANG_WARN_ENUM_CONVERSION = YES;
				CLANG_WARN_INFINITE_RECURSION = YES;
				CLANG_WARN_INT_CONVERSION = YES;
				CLANG_WARN_NON_LITERAL_NULL_CONVERSION = YES;
				CLANG_WARN_OBJC_IMPLICIT_RETAIN_SELF = YES;
				CLANG_WARN_OBJC_LITERAL_CONVERSION = YES;
				CLANG_WARN_OBJC_ROOT_CLASS = YES_ERROR;
				CLANG_WARN_QUOTED_INCLUDE_IN_FRAMEWORK_HEADER = YES;
				CLANG_WARN_RANGE_LOOP_ANALYSIS = YES;
				CLANG_WARN_STRICT_PROTOTYPES = YES;
				CLANG_WARN_SUSPICIOUS_MOVE = YES;
				CLANG_WARN_UNGUARDED_AVAILABILITY = YES_AGGRESSIVE;
				CLANG_WARN_UNREACHABLE_CODE = YES;
				CLANG_WARN__DUPLICATE_METHOD_MATCH = YES;
				COPY_PHASE_STRIP = NO;
				DEBUG_INFORMATION_FORMAT = "dwarf-with-dsym";
				ENABLE_NS_ASSERTIONS = NO;
				ENABLE_STRICT_OBJC_MSGSEND = YES;
				GCC_C_LANGUAGE_STANDARD = gnu11;
				GCC_NO_COMMON_BLOCKS = YES;
				GCC_WARN_64_TO_32_BIT_CONVERSION = YES;
				GCC_WARN_ABOUT_RETURN_TYPE = YES_ERROR;
				GCC_WARN_UNDECLARED_SELECTOR = YES;
				GCC_WARN_UNINITIALIZED_AUTOS = YES_AGGRESSIVE;
				GCC_WARN_UNUSED_FUNCTION = YES;
				GCC_WARN_UNUSED_VARIABLE = YES;
				IPHONEOS_DEPLOYMENT_TARGET = 14.5;
				MTL_ENABLE_DEBUG_INFO = NO;
				MTL_FAST_MATH = YES;
				SDKROOT = iphoneos;
				SWIFT_COMPILATION_MODE = wholemodule;
				SWIFT_OPTIMIZATION_LEVEL = "-O";
				VALIDATE_PRODUCT = YES;
			};
			name = Release;
		};
		509D3D062684B01C00F9D8ED /* Debug */ = {
			isa = XCBuildConfiguration;
			baseConfigurationReference = 982697134C81E9A74FCAE833 /* Pods-SnapaskHomework1.debug.xcconfig */;
			buildSettings = {
				ASSETCATALOG_COMPILER_APPICON_NAME = AppIcon;
				ASSETCATALOG_COMPILER_GLOBAL_ACCENT_COLOR_NAME = AccentColor;
				CODE_SIGN_STYLE = Automatic;
				DEVELOPMENT_TEAM = U33574N5H7;
				INFOPLIST_FILE = SnapaskHomework1/Info.plist;
				LD_RUNPATH_SEARCH_PATHS = (
					"$(inherited)",
					"@executable_path/Frameworks",
				);
				PRODUCT_BUNDLE_IDENTIFIER = com.snapask.SnapaskHomework1;
				PRODUCT_NAME = "$(TARGET_NAME)";
				SWIFT_VERSION = 5.0;
				TARGETED_DEVICE_FAMILY = "1,2";
			};
			name = Debug;
		};
		509D3D072684B01C00F9D8ED /* Release */ = {
			isa = XCBuildConfiguration;
			baseConfigurationReference = EB5983B5C183499AD113C11C /* Pods-SnapaskHomework1.release.xcconfig */;
			buildSettings = {
				ASSETCATALOG_COMPILER_APPICON_NAME = AppIcon;
				ASSETCATALOG_COMPILER_GLOBAL_ACCENT_COLOR_NAME = AccentColor;
				CODE_SIGN_STYLE = Automatic;
				DEVELOPMENT_TEAM = U33574N5H7;
				INFOPLIST_FILE = SnapaskHomework1/Info.plist;
				LD_RUNPATH_SEARCH_PATHS = (
					"$(inherited)",
					"@executable_path/Frameworks",
				);
				PRODUCT_BUNDLE_IDENTIFIER = com.snapask.SnapaskHomework1;
				PRODUCT_NAME = "$(TARGET_NAME)";
				SWIFT_VERSION = 5.0;
				TARGETED_DEVICE_FAMILY = "1,2";
			};
			name = Release;
		};
		509D3D092684B01C00F9D8ED /* Debug */ = {
			isa = XCBuildConfiguration;
			baseConfigurationReference = FBFCC293A059AF03B6102DC7 /* Pods-SnapaskHomework1Tests.debug.xcconfig */;
			buildSettings = {
				ALWAYS_EMBED_SWIFT_STANDARD_LIBRARIES = YES;
				BUNDLE_LOADER = "$(TEST_HOST)";
				CLANG_ENABLE_MODULES = YES;
				CODE_SIGN_STYLE = Automatic;
				DEVELOPMENT_TEAM = U33574N5H7;
				INFOPLIST_FILE = SnapaskHomework1Tests/Info.plist;
				IPHONEOS_DEPLOYMENT_TARGET = 14.5;
				LD_RUNPATH_SEARCH_PATHS = (
					"$(inherited)",
					"@executable_path/Frameworks",
					"@loader_path/Frameworks",
				);
				PRODUCT_BUNDLE_IDENTIFIER = com.snapask.SnapaskHomework1Tests;
				PRODUCT_NAME = "$(TARGET_NAME)";
				SWIFT_OPTIMIZATION_LEVEL = "-Onone";
				SWIFT_VERSION = 5.0;
				TARGETED_DEVICE_FAMILY = "1,2";
				TEST_HOST = "$(BUILT_PRODUCTS_DIR)/SnapaskHomework1.app/SnapaskHomework1";
			};
			name = Debug;
		};
		509D3D0A2684B01C00F9D8ED /* Release */ = {
			isa = XCBuildConfiguration;
			baseConfigurationReference = 16E972F57AE340B0BB837797 /* Pods-SnapaskHomework1Tests.release.xcconfig */;
			buildSettings = {
				ALWAYS_EMBED_SWIFT_STANDARD_LIBRARIES = YES;
				BUNDLE_LOADER = "$(TEST_HOST)";
				CLANG_ENABLE_MODULES = YES;
				CODE_SIGN_STYLE = Automatic;
				DEVELOPMENT_TEAM = U33574N5H7;
				INFOPLIST_FILE = SnapaskHomework1Tests/Info.plist;
				IPHONEOS_DEPLOYMENT_TARGET = 14.5;
				LD_RUNPATH_SEARCH_PATHS = (
					"$(inherited)",
					"@executable_path/Frameworks",
					"@loader_path/Frameworks",
				);
				PRODUCT_BUNDLE_IDENTIFIER = com.snapask.SnapaskHomework1Tests;
				PRODUCT_NAME = "$(TARGET_NAME)";
				SWIFT_VERSION = 5.0;
				TARGETED_DEVICE_FAMILY = "1,2";
				TEST_HOST = "$(BUILT_PRODUCTS_DIR)/SnapaskHomework1.app/SnapaskHomework1";
			};
			name = Release;
		};
		509D3D0C2684B01C00F9D8ED /* Debug */ = {
			isa = XCBuildConfiguration;
			baseConfigurationReference = E360ABEE58C4E4B0B7A4B432 /* Pods-SnapaskHomework1-SnapaskHomework1UITests.debug.xcconfig */;
			buildSettings = {
				ALWAYS_EMBED_SWIFT_STANDARD_LIBRARIES = YES;
				CODE_SIGN_STYLE = Automatic;
				DEVELOPMENT_TEAM = U33574N5H7;
				INFOPLIST_FILE = SnapaskHomework1UITests/Info.plist;
				LD_RUNPATH_SEARCH_PATHS = (
					"$(inherited)",
					"@executable_path/Frameworks",
					"@loader_path/Frameworks",
				);
				PRODUCT_BUNDLE_IDENTIFIER = com.snapask.SnapaskHomework1UITests;
				PRODUCT_NAME = "$(TARGET_NAME)";
				SWIFT_VERSION = 5.0;
				TARGETED_DEVICE_FAMILY = "1,2";
				TEST_TARGET_NAME = SnapaskHomework1;
			};
			name = Debug;
		};
		509D3D0D2684B01C00F9D8ED /* Release */ = {
			isa = XCBuildConfiguration;
			baseConfigurationReference = D502003E091C69DEAA773C1B /* Pods-SnapaskHomework1-SnapaskHomework1UITests.release.xcconfig */;
			buildSettings = {
				ALWAYS_EMBED_SWIFT_STANDARD_LIBRARIES = YES;
				CODE_SIGN_STYLE = Automatic;
				DEVELOPMENT_TEAM = U33574N5H7;
				INFOPLIST_FILE = SnapaskHomework1UITests/Info.plist;
				LD_RUNPATH_SEARCH_PATHS = (
					"$(inherited)",
					"@executable_path/Frameworks",
					"@loader_path/Frameworks",
				);
				PRODUCT_BUNDLE_IDENTIFIER = com.snapask.SnapaskHomework1UITests;
				PRODUCT_NAME = "$(TARGET_NAME)";
				SWIFT_VERSION = 5.0;
				TARGETED_DEVICE_FAMILY = "1,2";
				TEST_TARGET_NAME = SnapaskHomework1;
			};
			name = Release;
		};
		509D3D8A2684B7F800F9D8ED /* Testing */ = {
			isa = XCBuildConfiguration;
			buildSettings = {
				ALWAYS_SEARCH_USER_PATHS = NO;
				CLANG_ANALYZER_NONNULL = YES;
				CLANG_ANALYZER_NUMBER_OBJECT_CONVERSION = YES_AGGRESSIVE;
				CLANG_CXX_LANGUAGE_STANDARD = "gnu++14";
				CLANG_CXX_LIBRARY = "libc++";
				CLANG_ENABLE_MODULES = YES;
				CLANG_ENABLE_OBJC_ARC = YES;
				CLANG_ENABLE_OBJC_WEAK = YES;
				CLANG_WARN_BLOCK_CAPTURE_AUTORELEASING = YES;
				CLANG_WARN_BOOL_CONVERSION = YES;
				CLANG_WARN_COMMA = YES;
				CLANG_WARN_CONSTANT_CONVERSION = YES;
				CLANG_WARN_DEPRECATED_OBJC_IMPLEMENTATIONS = YES;
				CLANG_WARN_DIRECT_OBJC_ISA_USAGE = YES_ERROR;
				CLANG_WARN_DOCUMENTATION_COMMENTS = YES;
				CLANG_WARN_EMPTY_BODY = YES;
				CLANG_WARN_ENUM_CONVERSION = YES;
				CLANG_WARN_INFINITE_RECURSION = YES;
				CLANG_WARN_INT_CONVERSION = YES;
				CLANG_WARN_NON_LITERAL_NULL_CONVERSION = YES;
				CLANG_WARN_OBJC_IMPLICIT_RETAIN_SELF = YES;
				CLANG_WARN_OBJC_LITERAL_CONVERSION = YES;
				CLANG_WARN_OBJC_ROOT_CLASS = YES_ERROR;
				CLANG_WARN_QUOTED_INCLUDE_IN_FRAMEWORK_HEADER = YES;
				CLANG_WARN_RANGE_LOOP_ANALYSIS = YES;
				CLANG_WARN_STRICT_PROTOTYPES = YES;
				CLANG_WARN_SUSPICIOUS_MOVE = YES;
				CLANG_WARN_UNGUARDED_AVAILABILITY = YES_AGGRESSIVE;
				CLANG_WARN_UNREACHABLE_CODE = YES;
				CLANG_WARN__DUPLICATE_METHOD_MATCH = YES;
				COPY_PHASE_STRIP = NO;
				DEBUG_INFORMATION_FORMAT = dwarf;
				ENABLE_STRICT_OBJC_MSGSEND = YES;
				ENABLE_TESTABILITY = YES;
				GCC_C_LANGUAGE_STANDARD = gnu11;
				GCC_DYNAMIC_NO_PIC = NO;
				GCC_NO_COMMON_BLOCKS = YES;
				GCC_OPTIMIZATION_LEVEL = 0;
				GCC_PREPROCESSOR_DEFINITIONS = (
					"DEBUG=1",
					"$(inherited)",
				);
				GCC_WARN_64_TO_32_BIT_CONVERSION = YES;
				GCC_WARN_ABOUT_RETURN_TYPE = YES_ERROR;
				GCC_WARN_UNDECLARED_SELECTOR = YES;
				GCC_WARN_UNINITIALIZED_AUTOS = YES_AGGRESSIVE;
				GCC_WARN_UNUSED_FUNCTION = YES;
				GCC_WARN_UNUSED_VARIABLE = YES;
				IPHONEOS_DEPLOYMENT_TARGET = 14.5;
				MTL_ENABLE_DEBUG_INFO = INCLUDE_SOURCE;
				MTL_FAST_MATH = YES;
				ONLY_ACTIVE_ARCH = YES;
				SDKROOT = iphoneos;
				SWIFT_ACTIVE_COMPILATION_CONDITIONS = DEBUG;
				SWIFT_OPTIMIZATION_LEVEL = "-Onone";
			};
			name = Testing;
		};
		509D3D8B2684B7F800F9D8ED /* Testing */ = {
			isa = XCBuildConfiguration;
			baseConfigurationReference = 1F77BFE3CAAD9E9FCC904562 /* Pods-SnapaskHomework1.testing.xcconfig */;
			buildSettings = {
				ASSETCATALOG_COMPILER_APPICON_NAME = AppIcon;
				ASSETCATALOG_COMPILER_GLOBAL_ACCENT_COLOR_NAME = AccentColor;
				CODE_SIGN_STYLE = Automatic;
				DEVELOPMENT_TEAM = U33574N5H7;
				INFOPLIST_FILE = SnapaskHomework1/Info.plist;
				LD_RUNPATH_SEARCH_PATHS = (
					"$(inherited)",
					"@executable_path/Frameworks",
				);
				PRODUCT_BUNDLE_IDENTIFIER = com.snapask.SnapaskHomework1;
				PRODUCT_NAME = "$(TARGET_NAME)";
				SWIFT_ACTIVE_COMPILATION_CONDITIONS = TESTING;
				SWIFT_VERSION = 5.0;
				TARGETED_DEVICE_FAMILY = "1,2";
			};
			name = Testing;
		};
		509D3D8C2684B7F800F9D8ED /* Testing */ = {
			isa = XCBuildConfiguration;
			baseConfigurationReference = D88757F48A8352AC6320FA80 /* Pods-SnapaskHomework1Tests.testing.xcconfig */;
			buildSettings = {
				ALWAYS_EMBED_SWIFT_STANDARD_LIBRARIES = YES;
				BUNDLE_LOADER = "$(TEST_HOST)";
				CLANG_ENABLE_MODULES = YES;
				CODE_SIGN_STYLE = Automatic;
				DEVELOPMENT_TEAM = U33574N5H7;
				INFOPLIST_FILE = SnapaskHomework1Tests/Info.plist;
				IPHONEOS_DEPLOYMENT_TARGET = 14.5;
				LD_RUNPATH_SEARCH_PATHS = (
					"$(inherited)",
					"@executable_path/Frameworks",
					"@loader_path/Frameworks",
				);
				PRODUCT_BUNDLE_IDENTIFIER = com.snapask.SnapaskHomework1Tests;
				PRODUCT_NAME = "$(TARGET_NAME)";
				SWIFT_ACTIVE_COMPILATION_CONDITIONS = TESTING;
				SWIFT_OPTIMIZATION_LEVEL = "-Onone";
				SWIFT_VERSION = 5.0;
				TARGETED_DEVICE_FAMILY = "1,2";
				TEST_HOST = "$(BUILT_PRODUCTS_DIR)/SnapaskHomework1.app/SnapaskHomework1";
			};
			name = Testing;
		};
		509D3D8D2684B7F800F9D8ED /* Testing */ = {
			isa = XCBuildConfiguration;
			baseConfigurationReference = FE7EDB0FE2024263233912A9 /* Pods-SnapaskHomework1-SnapaskHomework1UITests.testing.xcconfig */;
			buildSettings = {
				ALWAYS_EMBED_SWIFT_STANDARD_LIBRARIES = YES;
				CODE_SIGN_STYLE = Automatic;
				DEVELOPMENT_TEAM = U33574N5H7;
				INFOPLIST_FILE = SnapaskHomework1UITests/Info.plist;
				LD_RUNPATH_SEARCH_PATHS = (
					"$(inherited)",
					"@executable_path/Frameworks",
					"@loader_path/Frameworks",
				);
				PRODUCT_BUNDLE_IDENTIFIER = com.snapask.SnapaskHomework1UITests;
				PRODUCT_NAME = "$(TARGET_NAME)";
				SWIFT_VERSION = 5.0;
				TARGETED_DEVICE_FAMILY = "1,2";
				TEST_TARGET_NAME = SnapaskHomework1;
			};
			name = Testing;
		};
/* End XCBuildConfiguration section */

/* Begin XCConfigurationList section */
		509D3CD62684B01C00F9D8ED /* Build configuration list for PBXProject "SnapaskHomework1" */ = {
			isa = XCConfigurationList;
			buildConfigurations = (
				509D3D032684B01C00F9D8ED /* Debug */,
				509D3D8A2684B7F800F9D8ED /* Testing */,
				509D3D042684B01C00F9D8ED /* Release */,
			);
			defaultConfigurationIsVisible = 0;
			defaultConfigurationName = Release;
		};
		509D3D052684B01C00F9D8ED /* Build configuration list for PBXNativeTarget "SnapaskHomework1" */ = {
			isa = XCConfigurationList;
			buildConfigurations = (
				509D3D062684B01C00F9D8ED /* Debug */,
				509D3D8B2684B7F800F9D8ED /* Testing */,
				509D3D072684B01C00F9D8ED /* Release */,
			);
			defaultConfigurationIsVisible = 0;
			defaultConfigurationName = Release;
		};
		509D3D082684B01C00F9D8ED /* Build configuration list for PBXNativeTarget "SnapaskHomework1Tests" */ = {
			isa = XCConfigurationList;
			buildConfigurations = (
				509D3D092684B01C00F9D8ED /* Debug */,
				509D3D8C2684B7F800F9D8ED /* Testing */,
				509D3D0A2684B01C00F9D8ED /* Release */,
			);
			defaultConfigurationIsVisible = 0;
			defaultConfigurationName = Release;
		};
		509D3D0B2684B01C00F9D8ED /* Build configuration list for PBXNativeTarget "SnapaskHomework1UITests" */ = {
			isa = XCConfigurationList;
			buildConfigurations = (
				509D3D0C2684B01C00F9D8ED /* Debug */,
				509D3D8D2684B7F800F9D8ED /* Testing */,
				509D3D0D2684B01C00F9D8ED /* Release */,
			);
			defaultConfigurationIsVisible = 0;
			defaultConfigurationName = Release;
		};
/* End XCConfigurationList section */
	};
	rootObject = 509D3CD32684B01C00F9D8ED /* Project object */;
}
